# DO NOT EDIT MANUALLY - Managed by Fern Replay
version: "1.0"
generations:
  - commit_sha: 7d8528c7c1c4b857772e146fb65ece58c11274f3
    tree_hash: 4645067e5a1d25eb73c67c8ac68843f655ac39e4
    timestamp: 2026-06-16T19:30:33.147Z
    cli_version: unknown
    generator_versions: {}
  - commit_sha: 92df9bc3e13b50c59afbac896a5ef5b7093e0741
    tree_hash: 061038e3605d1c75a9143260a1a917f5e15f4e39
    timestamp: 2026-06-17T09:42:55.210Z
    cli_version: unknown
    generator_versions:
      fernapi/fern-python-sdk: 4.3.19
  - commit_sha: 9a6aad9348122ef915de73a17d2662d500e11bb4
    tree_hash: 89d651fab2a5958930e6c245da1ca9aa726477b7
    timestamp: 2026-06-17T17:42:08.017Z
    cli_version: unknown
    generator_versions:
      fernapi/fern-python-sdk: 4.3.19
current_generation: 9a6aad9348122ef915de73a17d2662d500e11bb4
patches:
  - id: patch-3ae14425
    content_hash: sha256:487941b7f72636b37d1b50f7f08c21aeeb8932d2e80a6e33326c158844eab3fb
    original_commit: 3ae1442513e6b91d566d7eab5b54d24fe0701a43
    original_message: "fix(packaging): make the SDK installable from source [DRG-31]"
    original_author: lspeechify <289678208+lspeechify@users.noreply.github.com>
    base_generation: 9a6aad9348122ef915de73a17d2662d500e11bb4
    files:
      - pyproject.toml
    patch_content: |
      diff --git a/pyproject.toml b/pyproject.toml
      index 2615901..7b358f3 100644
      --- a/pyproject.toml
      +++ b/pyproject.toml
      @@ -1,6 +1,3 @@
      -[project]
      -name = "speechify-api"
      -
       [tool.poetry]
       name = "speechify-api"
       version = "1.2.4"
      @@ -22,7 +19,6 @@ classifiers = [
           "Intended Audience :: Developers",
           "Programming Language :: Python",
           "Programming Language :: Python :: 3",
      -    "Programming Language :: Python :: 3.8",
           "Programming Language :: Python :: 3.9",
           "Programming Language :: Python :: 3.10",
           "Programming Language :: Python :: 3.11",
      @@ -39,13 +35,13 @@ packages = [
           { include = "speechify", from = "src"}
       ]
       
      -[project.urls]
      +[tool.poetry.urls]
       Documentation = 'https://docs.speechify.ai/api-reference'
       Homepage = 'https://docs.speechify.ai'
       Repository = 'https://github.com/speechifyinc/speechify-api-sdk-python'
       
       [tool.poetry.dependencies]
      -python = "^3.8"
      +python = ">=3.9"
       httpx = ">=0.21.2"
       pydantic = ">= 1.9.2"
       pydantic-core = "^2.18.2"
    theirs_snapshot:
      pyproject.toml: |
        [tool.poetry]
        name = "speechify-api"
        version = "1.2.4"
        description = "Official Speechify API SDK"
        readme = "README.md"
        authors = [
            "Speechify <support@speechify.com>"
        ]
        keywords = [
            "speechify",
            "ai",
            "api",
            "sdk",
            "text-to-speech",
            "tts"
        ]

        classifiers = [
            "Intended Audience :: Developers",
            "Programming Language :: Python",
            "Programming Language :: Python :: 3",
            "Programming Language :: Python :: 3.9",
            "Programming Language :: Python :: 3.10",
            "Programming Language :: Python :: 3.11",
            "Programming Language :: Python :: 3.12",
            "Operating System :: OS Independent",
            "Operating System :: POSIX",
            "Operating System :: MacOS",
            "Operating System :: POSIX :: Linux",
            "Operating System :: Microsoft :: Windows",
            "Topic :: Software Development :: Libraries :: Python Modules",
            "Typing :: Typed"
        ]
        packages = [
            { include = "speechify", from = "src"}
        ]

        [tool.poetry.urls]
        Documentation = 'https://docs.speechify.ai/api-reference'
        Homepage = 'https://docs.speechify.ai'
        Repository = 'https://github.com/speechifyinc/speechify-api-sdk-python'

        [tool.poetry.dependencies]
        python = ">=3.9"
        httpx = ">=0.21.2"
        pydantic = ">= 1.9.2"
        pydantic-core = "^2.18.2"
        typing_extensions = ">= 4.0.0"

        [tool.poetry.dev-dependencies]
        mypy = "1.0.1"
        pytest = "^7.4.0"
        pytest-asyncio = "^0.23.5"
        python-dateutil = "^2.9.0"
        types-python-dateutil = "^2.9.0.20240316"
        ruff = "^0.5.6"

        [tool.pytest.ini_options]
        testpaths = [ "tests" ]
        asyncio_mode = "auto"

        [tool.mypy]
        plugins = ["pydantic.mypy"]

        [tool.ruff]
        line-length = 120


        [build-system]
        requires = ["poetry-core"]
        build-backend = "poetry.core.masonry.api"
  - id: patch-698be8b4
    content_hash: sha256:8919a4e60253edecb7c8ccfa7b7380d73d142ea5818fcec057abebeb55b19fdd
    original_commit: 698be8b43fe28a36979809f2f71170d0d0324101
    original_message: "chore(packaging): require python >=3.9 (drop EOL 3.8) for livekit/realtime [DRG-31]"
    original_author: lspeechify <289678208+lspeechify@users.noreply.github.com>
    base_generation: 003ddd4f7a52ea9c36e137952e291b2a8e0bedc3
    files:
      - pyproject.toml
    patch_content: |+
      From 698be8b43fe28a36979809f2f71170d0d0324101 Mon Sep 17 00:00:00 2001
      From: lspeechify <289678208+lspeechify@users.noreply.github.com>
      Date: Wed, 17 Jun 2026 10:38:57 +0100
      Subject: [PATCH] chore(packaging): require python >=3.9 (drop EOL 3.8) for
       livekit/realtime [DRG-31]

      Matches the generator's pyproject_python_version=>=3.9 (api PR): SDK floor
      becomes >=3.9 and livekit is a plain dependency (no marker). 3.8 is EOL and
      the realtime layer needs 3.9+. Keeps the source-install fix (no [project] table).
      ---
       pyproject.toml | 5 ++---
       1 file changed, 2 insertions(+), 3 deletions(-)

      diff --git a/pyproject.toml b/pyproject.toml
      index 3ca5a90..9246d68 100644
      --- a/pyproject.toml
      +++ b/pyproject.toml
      @@ -19,7 +19,6 @@ classifiers = [
           "Intended Audience :: Developers",
           "Programming Language :: Python",
           "Programming Language :: Python :: 3",
      -    "Programming Language :: Python :: 3.8",
           "Programming Language :: Python :: 3.9",
           "Programming Language :: Python :: 3.10",
           "Programming Language :: Python :: 3.11",
      @@ -42,9 +41,9 @@ Homepage = 'https://docs.speechify.ai'
       Repository = 'https://github.com/speechifyinc/speechify-api-sdk-python'
       
       [tool.poetry.dependencies]
      -python = "^3.8"
      +python = ">=3.9"
       httpx = ">=0.21.2"
      -livekit = { version = ">=1.1,<2", python = ">=3.9"}
      +livekit = ">=1.1,<2"
       pydantic = ">= 1.9.2"
       pydantic-core = "^2.18.2"
       typing_extensions = ">= 4.0.0"
      -- 
      2.52.0

    theirs_snapshot:
      pyproject.toml: |
        [tool.poetry]
        name = "speechify-api"
        version = "1.2.4"
        description = "Official Speechify API SDK"
        readme = "README.md"
        authors = [
            "Speechify <support@speechify.com>"
        ]
        keywords = [
            "speechify",
            "ai",
            "api",
            "sdk",
            "text-to-speech",
            "tts"
        ]

        classifiers = [
            "Intended Audience :: Developers",
            "Programming Language :: Python",
            "Programming Language :: Python :: 3",
            "Programming Language :: Python :: 3.9",
            "Programming Language :: Python :: 3.10",
            "Programming Language :: Python :: 3.11",
            "Programming Language :: Python :: 3.12",
            "Operating System :: OS Independent",
            "Operating System :: POSIX",
            "Operating System :: MacOS",
            "Operating System :: POSIX :: Linux",
            "Operating System :: Microsoft :: Windows",
            "Topic :: Software Development :: Libraries :: Python Modules",
            "Typing :: Typed"
        ]
        packages = [
            { include = "speechify", from = "src"}
        ]

        [tool.poetry.urls]
        Documentation = 'https://docs.speechify.ai/api-reference'
        Homepage = 'https://docs.speechify.ai'
        Repository = 'https://github.com/speechifyinc/speechify-api-sdk-python'

        [tool.poetry.dependencies]
        python = ">=3.9"
        httpx = ">=0.21.2"
        livekit = ">=1.1,<2"
        pydantic = ">= 1.9.2"
        pydantic-core = "^2.18.2"
        typing_extensions = ">= 4.0.0"

        [tool.poetry.dev-dependencies]
        mypy = "1.0.1"
        pytest = "^7.4.0"
        pytest-asyncio = "^0.23.5"
        python-dateutil = "^2.9.0"
        types-python-dateutil = "^2.9.0.20240316"
        ruff = "^0.5.6"

        [tool.pytest.ini_options]
        testpaths = [ "tests" ]
        asyncio_mode = "auto"

        [tool.mypy]
        plugins = ["pydantic.mypy"]

        [tool.ruff]
        line-length = 120


        [build-system]
        requires = ["poetry-core"]
        build-backend = "poetry.core.masonry.api"
    status: unresolved
