# DO NOT EDIT MANUALLY - Managed by Fern Replay
version: "1.0"
generations:
  - commit_sha: 7d8528c7c1c4b857772e146fb65ece58c11274f3
    tree_hash: 4645067e5a1d25eb73c67c8ac68843f655ac39e4
    timestamp: 2026-06-16T19:30:33.147Z
    cli_version: unknown
    generator_versions: {}
current_generation: 7d8528c7c1c4b857772e146fb65ece58c11274f3
patches: []
